
Microsoft Visual Studio Solution File, Format Version 12.00
# Visual Studio 16
Project("{FAE04EC0-301F-11D3-BF4B-00C04F79EFBC}") = "Assembly-CSharp-firstpass", "Assembly-CSharp-firstpass.csproj", "{17444A5B-ED7D-CD53-DC3D-012944871706}"
EndProject
Project("{FAE04EC0-301F-11D3-BF4B-00C04F79EFBC}") = "Assembly-CSharp", "Assembly-CSharp.csproj", "{D968FE73-55A0-A0C4-7B8F-A3B1F940F9FD}"
EndProject
Global
	GlobalSection(SolutionConfigurationPlatforms) = preSolution
		Debug|Any CPU = Debug|Any CPU
		Release|Any CPU = Release|Any CPU
	EndGlobalSection
	GlobalSection(ProjectConfigurationPlatforms) = postSolution
		{17444A5B-ED7D-CD53-DC3D-012944871706}.Debug|Any CPU.ActiveCfg = Debug|Any CPU
		{17444A5B-ED7D-CD53-DC3D-012944871706}.Debug|Any CPU.Build.0 = Debug|Any CPU
		{17444A5B-ED7D-CD53-DC3D-012944871706}.Release|Any CPU.ActiveCfg = Release|Any CPU
		{17444A5B-ED7D-CD53-DC3D-012944871706}.Release|Any CPU.Build.0 = Release|Any CPU
		{D968FE73-55A0-A0C4-7B8F-A3B1F940F9FD}.Debug|Any CPU.ActiveCfg = Debug|Any CPU
		{D968FE73-55A0-A0C4-7B8F-A3B1F940F9FD}.Debug|Any CPU.Build.0 = Debug|Any CPU
		{D968FE73-55A0-A0C4-7B8F-A3B1F940F9FD}.Release|Any CPU.ActiveCfg = Release|Any CPU
		{D968FE73-55A0-A0C4-7B8F-A3B1F940F9FD}.Release|Any CPU.Build.0 = Release|Any CPU
	EndGlobalSection
	GlobalSection(SolutionProperties) = preSolution
		HideSolutionNode = FALSE
	EndGlobalSection
EndGlobal
